
Microsoft Visual Studio Solution File, Format Version 12.00
# Visual Studio Version 17
VisualStudioVersion = 17.14.36518.9
MinimumVisualStudioVersion = 10.0.40219.1
Project("{FAE04EC0-301F-11D3-BF4B-00C04F79EFBC}") = "Palatul_Copiilor", "Palatul_Copiilor.csproj", "{BA43EDEF-66DA-4303-9AF9-520CA6841D18}"
EndProject
Global
	GlobalSection(SolutionConfigurationPlatforms) = preSolution
		Debug|Any CPU = Debug|Any CPU
		Release|Any CPU = Release|Any CPU
	EndGlobalSection
	GlobalSection(ProjectConfigurationPlatforms) = postSolution
		{BA43EDEF-66DA-4303-9AF9-520CA6841D18}.Debug|Any CPU.ActiveCfg = Debug|Any CPU
		{BA43EDEF-66DA-4303-9AF9-520CA6841D18}.Debug|Any CPU.Build.0 = Debug|Any CPU
		{BA43EDEF-66DA-4303-9AF9-520CA6841D18}.Release|Any CPU.ActiveCfg = Release|Any CPU
		{BA43EDEF-66DA-4303-9AF9-520CA6841D18}.Release|Any CPU.Build.0 = Release|Any CPU
	EndGlobalSection
	GlobalSection(SolutionProperties) = preSolution
		HideSolutionNode = FALSE
	EndGlobalSection
	GlobalSection(ExtensibilityGlobals) = postSolution
		SolutionGuid = {3F25D63B-07E1-420E-B2E3-D28398DC2D9A}
	EndGlobalSection
EndGlobal
